Microsoft Visual Studio Solution File, Format Version 12.00
# Visual Studio Version 17
VisualStudioVersion = 17.10.35122.118
MinimumVisualStudioVersion = 10.0.40219.1
Project("{9A19103F-16F7-4668-BE54-9A1E7A4F7556}") = "AutomaticGraphLayout", "MSAGL\AutomaticGraphLayout.csproj", "{415D3E3F-7105-46C1-84D2-7ECB34213D92}"
EndProject
Project("{9A19103F-16F7-4668-BE54-9A1E7A4F7556}") = "AutomaticGraphLayout.Drawing", "Drawing\AutomaticGraphLayout.Drawing.csproj", "{B76F8F71-4B00-4242-BE36-C9F0732511F7}"
EndProject
Project("{2150E333-8FDC-42A3-9474-1A3956D46DE8}") = "Samples", "Samples", "{CAAD5476-353C-41F5-A6E7-88BA0C97C2C9}"
EndProject
Project("{2150E333-8FDC-42A3-9474-1A3956D46DE8}") = "Tools", "Tools", "{9E51C177-3DF6-474E-AC7A-ED036ED32F05}"
EndProject
Project("{9A19103F-16F7-4668-BE54-9A1E7A4F7556}") = "WpfApplicationSample", "Samples\WpfApplicationSample\WpfApplicationSample.csproj", "{B3227B0D-2DA4-4102-82AF-C21842B3674B}"
EndProject
Project("{2150E333-8FDC-42A3-9474-1A3956D46DE8}") = "Solution Items", "Solution Items", "{2FAFC72A-4DE4-4D91-A2FD-349EC6F1C720}"
	ProjectSection(SolutionItems) = preProject
		NuGet\AcquireNuGetExe.ps1 = NuGet\AcquireNuGetExe.ps1
		Drawing\AutomaticGraphLayout.Drawing.nuspec = Drawing\AutomaticGraphLayout.Drawing.nuspec
		MSAGL\AutomaticGraphLayout.nuspec = MSAGL\AutomaticGraphLayout.nuspec
		NuGet\build_nuget_packages.ps1 = NuGet\build_nuget_packages.ps1
		NuGet\prepareNuspec.ps1 = NuGet\prepareNuspec.ps1
		..\README.md = ..\README.md
	EndProjectSection
EndProject
Project("{9A19103F-16F7-4668-BE54-9A1E7A4F7556}") = "GraphViewerGDI", "Tools\GraphViewerGDI\GraphViewerGDI.csproj", "{725CD2CB-CF37-414E-A5A6-F1D87D4D6EDE}"
EndProject
Project("{9A19103F-16F7-4668-BE54-9A1E7A4F7556}") = "WpfGraphControl", "Tools\WpfGraphControl\WpfGraphControl.csproj", "{FCE1D24E-CC6B-47BC-9CE4-427E5D56B71E}"
EndProject
Global
	GlobalSection(SolutionConfigurationPlatforms) = preSolution
		Debug|Any CPU = Debug|Any CPU
		Debug|ARM = Debug|ARM
		Debug|ARM64 = Debug|ARM64
		Debug|x64 = Debug|x64
		Debug|x86 = Debug|x86
		Release|Any CPU = Release|Any CPU
		Release|ARM = Release|ARM
		Release|ARM64 = Release|ARM64
		Release|x64 = Release|x64
		Release|x86 = Release|x86
	EndGlobalSection
	GlobalSection(ProjectConfigurationPlatforms) = postSolution
		{415D3E3F-7105-46C1-84D2-7ECB34213D92}.Debug|Any CPU.ActiveCfg = Debug|Any CPU
		{415D3E3F-7105-46C1-84D2-7ECB34213D92}.Debug|Any CPU.Build.0 = Debug|Any CPU
		{415D3E3F-7105-46C1-84D2-7ECB34213D92}.Debug|ARM.ActiveCfg = Debug|Any CPU
		{415D3E3F-7105-46C1-84D2-7ECB34213D92}.Debug|ARM.Build.0 = Debug|Any CPU
		{415D3E3F-7105-46C1-84D2-7ECB34213D92}.Debug|ARM64.ActiveCfg = Debug|Any CPU
		{415D3E3F-7105-46C1-84D2-7ECB34213D92}.Debug|ARM64.Build.0 = Debug|Any CPU
		{415D3E3F-7105-46C1-84D2-7ECB34213D92}.Debug|x64.ActiveCfg = Debug|Any CPU
		{415D3E3F-7105-46C1-84D2-7ECB34213D92}.Debug|x64.Build.0 = Debug|Any CPU
		{415D3E3F-7105-46C1-84D2-7ECB34213D92}.Debug|x86.ActiveCfg = Debug|Any CPU
		{415D3E3F-7105-46C1-84D2-7ECB34213D92}.Debug|x86.Build.0 = Debug|Any CPU
		{415D3E3F-7105-46C1-84D2-7ECB34213D92}.Release|Any CPU.ActiveCfg = Release|Any CPU
		{415D3E3F-7105-46C1-84D2-7ECB34213D92}.Release|Any CPU.Build.0 = Release|Any CPU
		{415D3E3F-7105-46C1-84D2-7ECB34213D92}.Release|ARM.ActiveCfg = Release|Any CPU
		{415D3E3F-7105-46C1-84D2-7ECB34213D92}.Release|ARM.Build.0 = Release|Any CPU
		{415D3E3F-7105-46C1-84D2-7ECB34213D92}.Release|ARM64.ActiveCfg = Release|Any CPU
		{415D3E3F-7105-46C1-84D2-7ECB34213D92}.Release|ARM64.Build.0 = Release|Any CPU
		{415D3E3F-7105-46C1-84D2-7ECB34213D92}.Release|x64.ActiveCfg = Release|Any CPU
		{415D3E3F-7105-46C1-84D2-7ECB34213D92}.Release|x64.Build.0 = Release|Any CPU
		{415D3E3F-7105-46C1-84D2-7ECB34213D92}.Release|x86.ActiveCfg = Release|Any CPU
		{415D3E3F-7105-46C1-84D2-7ECB34213D92}.Release|x86.Build.0 = Release|Any CPU
		{B76F8F71-4B00-4242-BE36-C9F0732511F7}.Debug|Any CPU.ActiveCfg = Debug|Any CPU
		{B76F8F71-4B00-4242-BE36-C9F0732511F7}.Debug|Any CPU.Build.0 = Debug|Any CPU
		{B76F8F71-4B00-4242-BE36-C9F0732511F7}.Debug|ARM.ActiveCfg = Debug|Any CPU
		{B76F8F71-4B00-4242-BE36-C9F0732511F7}.Debug|ARM.Build.0 = Debug|Any CPU
		{B76F8F71-4B00-4242-BE36-C9F0732511F7}.Debug|ARM64.ActiveCfg = Debug|Any CPU
		{B76F8F71-4B00-4242-BE36-C9F0732511F7}.Debug|ARM64.Build.0 = Debug|Any CPU
		{B76F8F71-4B00-4242-BE36-C9F0732511F7}.Debug|x64.ActiveCfg = Debug|Any CPU
		{B76F8F71-4B00-4242-BE36-C9F0732511F7}.Debug|x64.Build.0 = Debug|Any CPU
		{B76F8F71-4B00-4242-BE36-C9F0732511F7}.Debug|x86.ActiveCfg = Debug|Any CPU
		{B76F8F71-4B00-4242-BE36-C9F0732511F7}.Debug|x86.Build.0 = Debug|Any CPU
		{B76F8F71-4B00-4242-BE36-C9F0732511F7}.Release|Any CPU.ActiveCfg = Release|Any CPU
		{B76F8F71-4B00-4242-BE36-C9F0732511F7}.Release|Any CPU.Build.0 = Release|Any CPU
		{B76F8F71-4B00-4242-BE36-C9F0732511F7}.Release|ARM.ActiveCfg = Release|Any CPU
		{B76F8F71-4B00-4242-BE36-C9F0732511F7}.Release|ARM.Build.0 = Release|Any CPU
		{B76F8F71-4B00-4242-BE36-C9F0732511F7}.Release|ARM64.ActiveCfg = Release|Any CPU
		{B76F8F71-4B00-4242-BE36-C9F0732511F7}.Release|ARM64.Build.0 = Release|Any CPU
		{B76F8F71-4B00-4242-BE36-C9F0732511F7}.Release|x64.ActiveCfg = Release|Any CPU
		{B76F8F71-4B00-4242-BE36-C9F0732511F7}.Release|x64.Build.0 = Release|Any CPU
		{B76F8F71-4B00-4242-BE36-C9F0732511F7}.Release|x86.ActiveCfg = Release|Any CPU
		{B76F8F71-4B00-4242-BE36-C9F0732511F7}.Release|x86.Build.0 = Release|Any CPU
		{B3227B0D-2DA4-4102-82AF-C21842B3674B}.Debug|Any CPU.ActiveCfg = Debug|Any CPU
		{B3227B0D-2DA4-4102-82AF-C21842B3674B}.Debug|Any CPU.Build.0 = Debug|Any CPU
		{B3227B0D-2DA4-4102-82AF-C21842B3674B}.Debug|ARM.ActiveCfg = Debug|Any CPU
		{B3227B0D-2DA4-4102-82AF-C21842B3674B}.Debug|ARM.Build.0 = Debug|Any CPU
		{B3227B0D-2DA4-4102-82AF-C21842B3674B}.Debug|ARM64.ActiveCfg = Debug|Any CPU
		{B3227B0D-2DA4-4102-82AF-C21842B3674B}.Debug|ARM64.Build.0 = Debug|Any CPU
		{B3227B0D-2DA4-4102-82AF-C21842B3674B}.Debug|x64.ActiveCfg = Debug|Any CPU
		{B3227B0D-2DA4-4102-82AF-C21842B3674B}.Debug|x64.Build.0 = Debug|Any CPU
		{B3227B0D-2DA4-4102-82AF-C21842B3674B}.Debug|x86.ActiveCfg = Debug|Any CPU
		{B3227B0D-2DA4-4102-82AF-C21842B3674B}.Debug|x86.Build.0 = Debug|Any CPU
		{B3227B0D-2DA4-4102-82AF-C21842B3674B}.Release|Any CPU.ActiveCfg = Release|Any CPU
		{B3227B0D-2DA4-4102-82AF-C21842B3674B}.Release|Any CPU.Build.0 = Release|Any CPU
		{B3227B0D-2DA4-4102-82AF-C21842B3674B}.Release|ARM.ActiveCfg = Release|Any CPU
		{B3227B0D-2DA4-4102-82AF-C21842B3674B}.Release|ARM.Build.0 = Release|Any CPU
		{B3227B0D-2DA4-4102-82AF-C21842B3674B}.Release|ARM64.ActiveCfg = Release|Any CPU
		{B3227B0D-2DA4-4102-82AF-C21842B3674B}.Release|ARM64.Build.0 = Release|Any CPU
		{B3227B0D-2DA4-4102-82AF-C21842B3674B}.Release|x64.ActiveCfg = Release|Any CPU
		{B3227B0D-2DA4-4102-82AF-C21842B3674B}.Release|x64.Build.0 = Release|Any CPU
		{B3227B0D-2DA4-4102-82AF-C21842B3674B}.Release|x86.ActiveCfg = Release|Any CPU
		{B3227B0D-2DA4-4102-82AF-C21842B3674B}.Release|x86.Build.0 = Release|Any CPU
		{725CD2CB-CF37-414E-A5A6-F1D87D4D6EDE}.Debug|Any CPU.ActiveCfg = Debug|Any CPU
		{725CD2CB-CF37-414E-A5A6-F1D87D4D6EDE}.Debug|Any CPU.Build.0 = Debug|Any CPU
		{725CD2CB-CF37-414E-A5A6-F1D87D4D6EDE}.Debug|ARM.ActiveCfg = Debug|Any CPU
		{725CD2CB-CF37-414E-A5A6-F1D87D4D6EDE}.Debug|ARM.Build.0 = Debug|Any CPU
		{725CD2CB-CF37-414E-A5A6-F1D87D4D6EDE}.Debug|ARM64.ActiveCfg = Debug|Any CPU
		{725CD2CB-CF37-414E-A5A6-F1D87D4D6EDE}.Debug|ARM64.Build.0 = Debug|Any CPU
		{725CD2CB-CF37-414E-A5A6-F1D87D4D6EDE}.Debug|x64.ActiveCfg = Debug|Any CPU
		{725CD2CB-CF37-414E-A5A6-F1D87D4D6EDE}.Debug|x64.Build.0 = Debug|Any CPU
		{725CD2CB-CF37-414E-A5A6-F1D87D4D6EDE}.Debug|x86.ActiveCfg = Debug|Any CPU
		{725CD2CB-CF37-414E-A5A6-F1D87D4D6EDE}.Debug|x86.Build.0 = Debug|Any CPU
		{725CD2CB-CF37-414E-A5A6-F1D87D4D6EDE}.Release|Any CPU.ActiveCfg = Release|Any CPU
		{725CD2CB-CF37-414E-A5A6-F1D87D4D6EDE}.Release|Any CPU.Build.0 = Release|Any CPU
		{725CD2CB-CF37-414E-A5A6-F1D87D4D6EDE}.Release|ARM.ActiveCfg = Release|Any CPU
		{725CD2CB-CF37-414E-A5A6-F1D87D4D6EDE}.Release|ARM.Build.0 = Release|Any CPU
		{725CD2CB-CF37-414E-A5A6-F1D87D4D6EDE}.Release|ARM64.ActiveCfg = Release|Any CPU
		{725CD2CB-CF37-414E-A5A6-F1D87D4D6EDE}.Release|ARM64.Build.0 = Release|Any CPU
		{725CD2CB-CF37-414E-A5A6-F1D87D4D6EDE}.Release|x64.ActiveCfg = Release|Any CPU
		{725CD2CB-CF37-414E-A5A6-F1D87D4D6EDE}.Release|x64.Build.0 = Release|Any CPU
		{725CD2CB-CF37-414E-A5A6-F1D87D4D6EDE}.Release|x86.ActiveCfg = Release|Any CPU
		{725CD2CB-CF37-414E-A5A6-F1D87D4D6EDE}.Release|x86.Build.0 = Release|Any CPU
		{FCE1D24E-CC6B-47BC-9CE4-427E5D56B71E}.Debug|Any CPU.ActiveCfg = Debug|Any CPU
		{FCE1D24E-CC6B-47BC-9CE4-427E5D56B71E}.Debug|Any CPU.Build.0 = Debug|Any CPU
		{FCE1D24E-CC6B-47BC-9CE4-427E5D56B71E}.Debug|ARM.ActiveCfg = Debug|Any CPU
		{FCE1D24E-CC6B-47BC-9CE4-427E5D56B71E}.Debug|ARM.Build.0 = Debug|Any CPU
		{FCE1D24E-CC6B-47BC-9CE4-427E5D56B71E}.Debug|ARM64.ActiveCfg = Debug|Any CPU
		{FCE1D24E-CC6B-47BC-9CE4-427E5D56B71E}.Debug|ARM64.Build.0 = Debug|Any CPU
		{FCE1D24E-CC6B-47BC-9CE4-427E5D56B71E}.Debug|x64.ActiveCfg = Debug|Any CPU
		{FCE1D24E-CC6B-47BC-9CE4-427E5D56B71E}.Debug|x64.Build.0 = Debug|Any CPU
		{FCE1D24E-CC6B-47BC-9CE4-427E5D56B71E}.Debug|x86.ActiveCfg = Debug|Any CPU
		{FCE1D24E-CC6B-47BC-9CE4-427E5D56B71E}.Debug|x86.Build.0 = Debug|Any CPU
		{FCE1D24E-CC6B-47BC-9CE4-427E5D56B71E}.Release|Any CPU.ActiveCfg = Release|Any CPU
		{FCE1D24E-CC6B-47BC-9CE4-427E5D56B71E}.Release|Any CPU.Build.0 = Release|Any CPU
		{FCE1D24E-CC6B-47BC-9CE4-427E5D56B71E}.Release|ARM.ActiveCfg = Release|Any CPU
		{FCE1D24E-CC6B-47BC-9CE4-427E5D56B71E}.Release|ARM.Build.0 = Release|Any CPU
		{FCE1D24E-CC6B-47BC-9CE4-427E5D56B71E}.Release|ARM64.ActiveCfg = Release|Any CPU
		{FCE1D24E-CC6B-47BC-9CE4-427E5D56B71E}.Release|ARM64.Build.0 = Release|Any CPU
		{FCE1D24E-CC6B-47BC-9CE4-427E5D56B71E}.Release|x64.ActiveCfg = Release|Any CPU
		{FCE1D24E-CC6B-47BC-9CE4-427E5D56B71E}.Release|x64.Build.0 = Release|Any CPU
		{FCE1D24E-CC6B-47BC-9CE4-427E5D56B71E}.Release|x86.ActiveCfg = Release|Any CPU
		{FCE1D24E-CC6B-47BC-9CE4-427E5D56B71E}.Release|x86.Build.0 = Release|Any CPU
	EndGlobalSection
	GlobalSection(SolutionProperties) = preSolution
		HideSolutionNode = FALSE
	EndGlobalSection
	GlobalSection(NestedProjects) = preSolution
		{B3227B0D-2DA4-4102-82AF-C21842B3674B} = {CAAD5476-353C-41F5-A6E7-88BA0C97C2C9}
		{725CD2CB-CF37-414E-A5A6-F1D87D4D6EDE} = {9E51C177-3DF6-474E-AC7A-ED036ED32F05}
		{FCE1D24E-CC6B-47BC-9CE4-427E5D56B71E} = {9E51C177-3DF6-474E-AC7A-ED036ED32F05}
	EndGlobalSection
	GlobalSection(ExtensibilityGlobals) = postSolution
		SolutionGuid = {0D81D757-911D-4F8B-A4B3-4C4F1CBD5B60}
	EndGlobalSection
EndGlobal
